
Microsoft Visual Studio Solution File, Format Version 11.00
# Visual Studio 2010
Project("{8BC9CEB8-8B4A-11D0-8D11-00A0C91BC942}") = "mult_matrices", "mult_matrices\mult_matrices.vcxproj", "{3E3C9B3D-7C79-4D08-B3A5-85B687B520CD}"
EndProject
Project("{2150E333-8FDC-42A3-9474-1A3956D46DE8}") = "Solution Items", "Solution Items", "{5432913B-E25D-43C1-827B-C1F953254282}"
EndProject
Global
	GlobalSection(TestCaseManagementSettings) = postSolution
		CategoryFile = mult_matrices.vsmdi
	EndGlobalSection
	GlobalSection(SolutionConfigurationPlatforms) = preSolution
		Debug|Win32 = Debug|Win32
		Release|Win32 = Release|Win32
	EndGlobalSection
	GlobalSection(ProjectConfigurationPlatforms) = postSolution
		{3E3C9B3D-7C79-4D08-B3A5-85B687B520CD}.Debug|Win32.ActiveCfg = Debug|Win32
		{3E3C9B3D-7C79-4D08-B3A5-85B687B520CD}.Debug|Win32.Build.0 = Debug|Win32
		{3E3C9B3D-7C79-4D08-B3A5-85B687B520CD}.Release|Win32.ActiveCfg = Release|Win32
		{3E3C9B3D-7C79-4D08-B3A5-85B687B520CD}.Release|Win32.Build.0 = Release|Win32
	EndGlobalSection
	GlobalSection(SolutionProperties) = preSolution
		HideSolutionNode = FALSE
	EndGlobalSection
EndGlobal
