
Microsoft Visual Studio Solution File, Format Version 11.00
# Visual Studio 2010
Project("{8BC9CEB8-8B4A-11D0-8D11-00A0C91BC942}") = "CalculoPi", "CalculoPi\CalculoPi.vcxproj", "{13125457-DFD0-4343-A6CC-9AD146561985}"
EndProject
Global
	GlobalSection(SolutionConfigurationPlatforms) = preSolution
		Debug|Win32 = Debug|Win32
		Intel_SSA|Win32 = Intel_SSA|Win32
		Release|Win32 = Release|Win32
	EndGlobalSection
	GlobalSection(ProjectConfigurationPlatforms) = postSolution
		{13125457-DFD0-4343-A6CC-9AD146561985}.Debug|Win32.ActiveCfg = Debug|Win32
		{13125457-DFD0-4343-A6CC-9AD146561985}.Debug|Win32.Build.0 = Debug|Win32
		{13125457-DFD0-4343-A6CC-9AD146561985}.Intel_SSA|Win32.ActiveCfg = Intel_SSA|Win32
		{13125457-DFD0-4343-A6CC-9AD146561985}.Intel_SSA|Win32.Build.0 = Intel_SSA|Win32
		{13125457-DFD0-4343-A6CC-9AD146561985}.Release|Win32.ActiveCfg = Release|Win32
		{13125457-DFD0-4343-A6CC-9AD146561985}.Release|Win32.Build.0 = Release|Win32
	EndGlobalSection
	GlobalSection(SolutionProperties) = preSolution
		HideSolutionNode = FALSE
	EndGlobalSection
EndGlobal
